
Microsoft Visual Studio Solution File, Format Version 12.00
# Visual Studio 15
Project("{FAE04EC0-301F-11D3-BF4B-00C04F79EFBC}") = "CRB", "CRB\CRB.csproj", "{94CF2340-364A-40B2-85E6-3948FEAAB0C0}"
EndProject
Global
	GlobalSection(SolutionConfigurationPlatforms) = preSolution
		Debug|Any CPU = Debug|Any CPU
		Release|Any CPU = Release|Any CPU
	EndGlobalSection
	GlobalSection(ProjectConfigurationPlatforms) = postSolution
		{94CF2340-364A-40B2-85E6-3948FEAAB0C0}.Debug|Any CPU.ActiveCfg = Debug|Any CPU
		{94CF2340-364A-40B2-85E6-3948FEAAB0C0}.Debug|Any CPU.Build.0 = Debug|Any CPU
		{94CF2340-364A-40B2-85E6-3948FEAAB0C0}.Release|Any CPU.ActiveCfg = Release|Any CPU
		{94CF2340-364A-40B2-85E6-3948FEAAB0C0}.Release|Any CPU.Build.0 = Release|Any CPU
	EndGlobalSection
EndGlobal
